
Microsoft Visual Studio Solution File, Format Version 12.00
# Visual Studio Version 17
VisualStudioVersion = 17.0.31903.59
MinimumVisualStudioVersion = 10.0.40219.1
Project("{2150E333-8FDC-42A3-9474-1A3956D46DE8}") = "src", "src", "{1A9039D2-1565-435B-8C6F-4ED4B813B6AF}"
EndProject
Project("{9A19103F-16F7-4668-BE54-9A1E7A4F7556}") = "MacRobert.UriPathBuilder", "src\UriPathBuilder\MacRobert.UriPathBuilder.csproj", "{AD3E6BAC-4F77-4438-A4A8-4DBDAFE5EB49}"
EndProject
Project("{9A19103F-16F7-4668-BE54-9A1E7A4F7556}") = "Test.MacRobert.UriPathBuilder", "test\Test.MacRobert.UriPathBuilder\Test.MacRobert.UriPathBuilder.csproj", "{67AB8C65-B1F3-4C46-B8CB-813EBE1745F5}"
EndProject
Project("{2150E333-8FDC-42A3-9474-1A3956D46DE8}") = "Solution Items", "Solution Items", "{05D254A2-45AD-4DCE-BE89-8FFD81C2EB54}"
	ProjectSection(SolutionItems) = preProject
		.gitignore = .gitignore
		Directory.Build.props = Directory.Build.props
		LICENSE = LICENSE
		README.md = README.md
	EndProjectSection
EndProject
Global
	GlobalSection(SolutionConfigurationPlatforms) = preSolution
		Debug|Any CPU = Debug|Any CPU
		Release|Any CPU = Release|Any CPU
	EndGlobalSection
	GlobalSection(ProjectConfigurationPlatforms) = postSolution
		{AD3E6BAC-4F77-4438-A4A8-4DBDAFE5EB49}.Debug|Any CPU.ActiveCfg = Debug|Any CPU
		{AD3E6BAC-4F77-4438-A4A8-4DBDAFE5EB49}.Debug|Any CPU.Build.0 = Debug|Any CPU
		{AD3E6BAC-4F77-4438-A4A8-4DBDAFE5EB49}.Release|Any CPU.ActiveCfg = Release|Any CPU
		{AD3E6BAC-4F77-4438-A4A8-4DBDAFE5EB49}.Release|Any CPU.Build.0 = Release|Any CPU
		{67AB8C65-B1F3-4C46-B8CB-813EBE1745F5}.Debug|Any CPU.ActiveCfg = Debug|Any CPU
		{67AB8C65-B1F3-4C46-B8CB-813EBE1745F5}.Debug|Any CPU.Build.0 = Debug|Any CPU
		{67AB8C65-B1F3-4C46-B8CB-813EBE1745F5}.Release|Any CPU.ActiveCfg = Release|Any CPU
		{67AB8C65-B1F3-4C46-B8CB-813EBE1745F5}.Release|Any CPU.Build.0 = Release|Any CPU
	EndGlobalSection
	GlobalSection(SolutionProperties) = preSolution
		HideSolutionNode = FALSE
	EndGlobalSection
	GlobalSection(NestedProjects) = preSolution
		{AD3E6BAC-4F77-4438-A4A8-4DBDAFE5EB49} = {1A9039D2-1565-435B-8C6F-4ED4B813B6AF}
	EndGlobalSection
	GlobalSection(ExtensibilityGlobals) = postSolution
		SolutionGuid = {D4EA3524-8B6C-48A0-8F85-E7B770FF3200}
	EndGlobalSection
EndGlobal
